
Microsoft Visual Studio Solution File, Format Version 12.00
# Visual Studio Version 16
VisualStudioVersion = 16.0.30517.126
MinimumVisualStudioVersion = 10.0.40219.1
Project("{9A19103F-16F7-4668-BE54-9A1E7A4F7556}") = "tema", "tema.csproj", "{477EC5A9-9A38-4420-B3F3-748BD56767A0}"
EndProject
Global
	GlobalSection(SolutionConfigurationPlatforms) = preSolution
		Debug|Any CPU = Debug|Any CPU
		Release|Any CPU = Release|Any CPU
	EndGlobalSection
	GlobalSection(ProjectConfigurationPlatforms) = postSolution
		{477EC5A9-9A38-4420-B3F3-748BD56767A0}.Debug|Any CPU.ActiveCfg = Debug|Any CPU
		{477EC5A9-9A38-4420-B3F3-748BD56767A0}.Debug|Any CPU.Build.0 = Debug|Any CPU
		{477EC5A9-9A38-4420-B3F3-748BD56767A0}.Release|Any CPU.ActiveCfg = Release|Any CPU
		{477EC5A9-9A38-4420-B3F3-748BD56767A0}.Release|Any CPU.Build.0 = Release|Any CPU
	EndGlobalSection
	GlobalSection(SolutionProperties) = preSolution
		HideSolutionNode = FALSE
	EndGlobalSection
	GlobalSection(ExtensibilityGlobals) = postSolution
		SolutionGuid = {B9A79644-86D0-45B5-ABBB-77B625B6F34B}
	EndGlobalSection
EndGlobal
